<?xml version="1.0" encoding="utf-8"?>
<Project ToolsVersion="16.0" xmlns="http://schemas.microsoft.com/developer/msbuild/2003">
  <ItemGroup>
    <CustomBuild Include="E:\mixed\vsstudio\CMakeFiles\302a5ea7478182460f7f609618c5d688\generate.stamp.rule">
      <Filter>CMake Rules</Filter>
    </CustomBuild>
  </ItemGroup>
  <ItemGroup>
    <Filter Include="CMake Rules">
      <UniqueIdentifier>{A2BA3FF6-A5AA-313A-A9BD-8E2EBD6C1723}</UniqueIdentifier>
    </Filter>
  </ItemGroup>
</Project>
